
Microsoft Visual Studio Solution File, Format Version 12.00
# Visual Studio Version 16
VisualStudioVersion = 16.0.29926.136
MinimumVisualStudioVersion = 10.0.40219.1
Project("{FAE04EC0-301F-11D3-BF4B-00C04F79EFBC}") = "API", "API\API.csproj", "{AC259A0C-98F7-40E1-9F9C-81EEB814AB74}"
EndProject
Global
	GlobalSection(SolutionConfigurationPlatforms) = preSolution
		Debug|Any CPU = Debug|Any CPU
		Release|Any CPU = Release|Any CPU
	EndGlobalSection
	GlobalSection(ProjectConfigurationPlatforms) = postSolution
		{AC259A0C-98F7-40E1-9F9C-81EEB814AB74}.Debug|Any CPU.ActiveCfg = Debug|Any CPU
		{AC259A0C-98F7-40E1-9F9C-81EEB814AB74}.Debug|Any CPU.Build.0 = Debug|Any CPU
		{AC259A0C-98F7-40E1-9F9C-81EEB814AB74}.Release|Any CPU.ActiveCfg = Release|Any CPU
		{AC259A0C-98F7-40E1-9F9C-81EEB814AB74}.Release|Any CPU.Build.0 = Release|Any CPU
	EndGlobalSection
	GlobalSection(SolutionProperties) = preSolution
		HideSolutionNode = FALSE
	EndGlobalSection
	GlobalSection(ExtensibilityGlobals) = postSolution
		SolutionGuid = {781E938A-6731-40B1-8F10-3A286E6CFF8B}
	EndGlobalSection
EndGlobal
